
Microsoft Visual Studio Solution File, Format Version 12.00
# Visual Studio Version 16
VisualStudioVersion = 16.0.30320.27
MinimumVisualStudioVersion = 10.0.40219.1
Project("{FAE04EC0-301F-11D3-BF4B-00C04F79EFBC}") = "Program", "Program\Program.csproj", "{9828C9E5-B599-490C-881A-6D32727E1D1E}"
EndProject
Project("{FAE04EC0-301F-11D3-BF4B-00C04F79EFBC}") = "Episode", "Episode\Episode.csproj", "{0318D103-7C9A-4E06-88A0-D1D8BFB91904}"
EndProject
Global
	GlobalSection(SolutionConfigurationPlatforms) = preSolution
		Debug|Any CPU = Debug|Any CPU
		Release|Any CPU = Release|Any CPU
	EndGlobalSection
	GlobalSection(ProjectConfigurationPlatforms) = postSolution
		{9828C9E5-B599-490C-881A-6D32727E1D1E}.Debug|Any CPU.ActiveCfg = Debug|Any CPU
		{9828C9E5-B599-490C-881A-6D32727E1D1E}.Debug|Any CPU.Build.0 = Debug|Any CPU
		{9828C9E5-B599-490C-881A-6D32727E1D1E}.Release|Any CPU.ActiveCfg = Release|Any CPU
		{9828C9E5-B599-490C-881A-6D32727E1D1E}.Release|Any CPU.Build.0 = Release|Any CPU
		{0318D103-7C9A-4E06-88A0-D1D8BFB91904}.Debug|Any CPU.ActiveCfg = Debug|Any CPU
		{0318D103-7C9A-4E06-88A0-D1D8BFB91904}.Debug|Any CPU.Build.0 = Debug|Any CPU
		{0318D103-7C9A-4E06-88A0-D1D8BFB91904}.Release|Any CPU.ActiveCfg = Release|Any CPU
		{0318D103-7C9A-4E06-88A0-D1D8BFB91904}.Release|Any CPU.Build.0 = Release|Any CPU
	EndGlobalSection
	GlobalSection(SolutionProperties) = preSolution
		HideSolutionNode = FALSE
	EndGlobalSection
	GlobalSection(ExtensibilityGlobals) = postSolution
		SolutionGuid = {7FDB1FF0-8CA8-4E93-8958-56163BD7095C}
	EndGlobalSection
EndGlobal
